
Microsoft Visual Studio Solution File, Format Version 12.00
# Visual Studio 2017
Project("{FAE04EC0-301F-11D3-BF4B-00C04F79EFBC}") = "knoa", "knoa.csproj", "{A40B3E92-4965-1403-9398-FA3D410DEDAD}"
EndProject
Global
	GlobalSection(SolutionConfigurationPlatforms) = preSolution
		Debug|Any CPU = Debug|Any CPU
		Release|Any CPU = Release|Any CPU
	EndGlobalSection
	GlobalSection(ProjectConfigurationPlatforms) = postSolution
		{A40B3E92-4965-1403-9398-FA3D410DEDAD}.Debug|Any CPU.ActiveCfg = Debug|Any CPU
		{A40B3E92-4965-1403-9398-FA3D410DEDAD}.Debug|Any CPU.Build.0 = Debug|Any CPU
		{A40B3E92-4965-1403-9398-FA3D410DEDAD}.Release|Any CPU.ActiveCfg = Release|Any CPU
		{A40B3E92-4965-1403-9398-FA3D410DEDAD}.Release|Any CPU.Build.0 = Release|Any CPU
	EndGlobalSection
	GlobalSection(SolutionProperties) = preSolution
		HideSolutionNode = FALSE
	EndGlobalSection
EndGlobal
