
Microsoft Visual Studio Solution File, Format Version 11.00
# Visual Studio 2010
Project("{FAE04EC0-301F-11D3-BF4B-00C04F79EFBC}") = "knoa", "Assembly-CSharp.csproj", "{AA32D823-6E45-4A72-0FA4-86DF3B88C270}"
EndProject
Global
	GlobalSection(SolutionConfigurationPlatforms) = preSolution
		Debug|Any CPU = Debug|Any CPU
		Release|Any CPU = Release|Any CPU
	EndGlobalSection
	GlobalSection(ProjectConfigurationPlatforms) = postSolution
		{AA32D823-6E45-4A72-0FA4-86DF3B88C270}.Debug|Any CPU.ActiveCfg = Debug|Any CPU
		{AA32D823-6E45-4A72-0FA4-86DF3B88C270}.Debug|Any CPU.Build.0 = Debug|Any CPU
		{AA32D823-6E45-4A72-0FA4-86DF3B88C270}.Release|Any CPU.ActiveCfg = Release|Any CPU
		{AA32D823-6E45-4A72-0FA4-86DF3B88C270}.Release|Any CPU.Build.0 = Release|Any CPU
	EndGlobalSection
	GlobalSection(SolutionProperties) = preSolution
		HideSolutionNode = FALSE
	EndGlobalSection
	GlobalSection(MonoDevelopProperties) = preSolution
		StartupItem = Assembly-CSharp.csproj
	EndGlobalSection
EndGlobal
